
Microsoft Visual Studio Solution File, Format Version 12.00
# Visual Studio Version 17
VisualStudioVersion = 17.11.35327.3
MinimumVisualStudioVersion = 10.0.40219.1
Project("{FAE04EC0-301F-11D3-BF4B-00C04F79EFBC}") = "Ejercicios_Estructura_Control", "Ejercicios_Estructura_Control.csproj", "{0AF47AF8-BBC1-49BF-8B49-4B40DBFA629A}"
EndProject
Global
	GlobalSection(SolutionConfigurationPlatforms) = preSolution
		Debug|Any CPU = Debug|Any CPU
		Release|Any CPU = Release|Any CPU
	EndGlobalSection
	GlobalSection(ProjectConfigurationPlatforms) = postSolution
		{0AF47AF8-BBC1-49BF-8B49-4B40DBFA629A}.Debug|Any CPU.ActiveCfg = Debug|Any CPU
		{0AF47AF8-BBC1-49BF-8B49-4B40DBFA629A}.Debug|Any CPU.Build.0 = Debug|Any CPU
		{0AF47AF8-BBC1-49BF-8B49-4B40DBFA629A}.Release|Any CPU.ActiveCfg = Release|Any CPU
		{0AF47AF8-BBC1-49BF-8B49-4B40DBFA629A}.Release|Any CPU.Build.0 = Release|Any CPU
	EndGlobalSection
	GlobalSection(SolutionProperties) = preSolution
		HideSolutionNode = FALSE
	EndGlobalSection
	GlobalSection(ExtensibilityGlobals) = postSolution
		SolutionGuid = {8781658F-4C2F-4701-869F-DB8DB4DF1A25}
	EndGlobalSection
EndGlobal
